<?xml version="1.0" encoding="utf-8"?>
<Project ToolsVersion="4.0" xmlns="http://schemas.microsoft.com/developer/msbuild/2003">
  <ItemGroup>
    <Filter Include="Source Files">
      <UniqueIdentifier>{4FC737F1-C7A5-4376-A066-2A32D752A2FF}</UniqueIdentifier>
      <Extensions>cpp;c;cc;cxx;c++;cppm;ixx;def;odl;idl;hpj;bat;asm;asmx</Extensions>
    </Filter>
    <Filter Include="Header Files">
      <UniqueIdentifier>{93995380-89BD-4b04-88EB-625FBE52EBFB}</UniqueIdentifier>
      <Extensions>h;hh;hpp;hxx;h++;hm;inl;inc;ipp;xsd</Extensions>
    </Filter>
    <Filter Include="Resource Files">
      <UniqueIdentifier>{67DA6AB6-F800-4c08-8B7A-83BB121AAD01}</UniqueIdentifier>
      <Extensions>rc;ico;cur;bmp;dlg;rc2;rct;bin;rgs;gif;jpg;jpeg;jpe;resx;tiff;tif;png;wav;mfcribbon-ms</Extensions>
    </Filter>
  </ItemGroup>
  <ItemGroup>
    <ClCompile Include="BAI_Project.cpp">
      <Filter>Source Files</Filter>
    </ClCompile>
    <ClCompile Include="calculateAccessibility.cpp">
      <Filter>Source Files</Filter>
    </ClCompile>
    <ClCompile Include="Distance_sensor.cpp">
      <Filter>Source Files</Filter>
    </ClCompile>
    <ClCompile Include="AddElement.cpp">
      <Filter>Source Files</Filter>
    </ClCompile>
    <ClCompile Include="Directions_avl.cpp">
      <Filter>Source Files</Filter>
    </ClCompile>
    <ClCompile Include="Steps_Instack.cpp">
      <Filter>Source Files</Filter>
    </ClCompile>
    <ClCompile Include="Main_process_management.cpp">
      <Filter>Source Files</Filter>
    </ClCompile>
    <ClCompile Include="SurfacePoint.cpp">
      <Filter>Source Files</Filter>
    </ClCompile>
    <ClCompile Include="Lidar_sensor.cpp">
      <Filter>Source Files</Filter>
    </ClCompile>
    <ClCompile Include="Check_Camera.cpp">
      <Filter>Source Files</Filter>
    </ClCompile>
    <ClCompile Include="score_by_element.cpp">
      <Filter>Source Files</Filter>
    </ClCompile>
  </ItemGroup>
  <ItemGroup>
    <ClInclude Include="calculateAccessibility.h">
      <Filter>Header Files</Filter>
    </ClInclude>
    <ClInclude Include="Distance_sensor.h">
      <Filter>Header Files</Filter>
    </ClInclude>
    <ClInclude Include="AddElement.h">
      <Filter>Header Files</Filter>
    </ClInclude>
    <ClInclude Include="StructElements.h">
      <Filter>Header Files</Filter>
    </ClInclude>
    <ClInclude Include="Directions_avl.h">
      <Filter>Header Files</Filter>
    </ClInclude>
    <ClInclude Include="Steps_Instack.h">
      <Filter>Header Files</Filter>
    </ClInclude>
    <ClInclude Include="Main_process_management.h">
      <Filter>Header Files</Filter>
    </ClInclude>
    <ClInclude Include="SurfacePoint.h">
      <Filter>Header Files</Filter>
    </ClInclude>
    <ClInclude Include="Lidar_sensor.h">
      <Filter>Header Files</Filter>
    </ClInclude>
    <ClInclude Include="Check_Camera.h">
      <Filter>Header Files</Filter>
    </ClInclude>
    <ClInclude Include="score_by_element.h">
      <Filter>Header Files</Filter>
    </ClInclude>
  </ItemGroup>
  <ItemGroup>
    <None Include="ClassDiagram.cd" />
    <None Include="ClassDiagram1.cd" />
    <None Include="ClassDiagram2.cd" />
  </ItemGroup>
</Project>